
Microsoft Visual Studio Solution File, Format Version 12.00
# Visual Studio Version 17
VisualStudioVersion = 17.14.36301.6 d17.14
MinimumVisualStudioVersion = 10.0.40219.1
Project("{FAE04EC0-301F-11D3-BF4B-00C04F79EFBC}") = "DanCartBack", "DanCartBack\DanCartBack.csproj", "{525961BB-FC4B-47AB-904A-39F19ACAC3E1}"
EndProject
Global
	GlobalSection(SolutionConfigurationPlatforms) = preSolution
		Debug|Any CPU = Debug|Any CPU
		Release|Any CPU = Release|Any CPU
	EndGlobalSection
	GlobalSection(ProjectConfigurationPlatforms) = postSolution
		{525961BB-FC4B-47AB-904A-39F19ACAC3E1}.Debug|Any CPU.ActiveCfg = Debug|Any CPU
		{525961BB-FC4B-47AB-904A-39F19ACAC3E1}.Debug|Any CPU.Build.0 = Debug|Any CPU
		{525961BB-FC4B-47AB-904A-39F19ACAC3E1}.Release|Any CPU.ActiveCfg = Release|Any CPU
		{525961BB-FC4B-47AB-904A-39F19ACAC3E1}.Release|Any CPU.Build.0 = Release|Any CPU
	EndGlobalSection
	GlobalSection(SolutionProperties) = preSolution
		HideSolutionNode = FALSE
	EndGlobalSection
	GlobalSection(ExtensibilityGlobals) = postSolution
		SolutionGuid = {26DC6F9E-8C0B-425D-BFA7-B48399151FA7}
	EndGlobalSection
EndGlobal
